
Microsoft Visual Studio Solution File, Format Version 12.00
# Visual Studio Version 17
VisualStudioVersion = 17.8.34309.116
MinimumVisualStudioVersion = 10.0.40219.1
Project("{9A19103F-16F7-4668-BE54-9A1E7A4F7556}") = "Vogelscheuche_Bib", "Vogelscheuche_Bib\Vogelscheuche_Bib.csproj", "{D4AA38DD-8686-40CC-A80B-D5201A3F6A1C}"
	ProjectSection(ProjectDependencies) = postProject
		{8FEC9B12-97F1-48F2-BA93-457BA247EDB6} = {8FEC9B12-97F1-48F2-BA93-457BA247EDB6}
	EndProjectSection
EndProject
Project("{FAE04EC0-301F-11D3-BF4B-00C04F79EFBC}") = "UserInterface", "UserInterface\UserInterface.csproj", "{EF06F219-A739-4A1D-9511-6FAC948B67BF}"
EndProject
Project("{FAE04EC0-301F-11D3-BF4B-00C04F79EFBC}") = "Database", "Database\Database.csproj", "{8FEC9B12-97F1-48F2-BA93-457BA247EDB6}"
EndProject
Global
	GlobalSection(SolutionConfigurationPlatforms) = preSolution
		Debug|Any CPU = Debug|Any CPU
		Release|Any CPU = Release|Any CPU
	EndGlobalSection
	GlobalSection(ProjectConfigurationPlatforms) = postSolution
		{D4AA38DD-8686-40CC-A80B-D5201A3F6A1C}.Debug|Any CPU.ActiveCfg = Debug|Any CPU
		{D4AA38DD-8686-40CC-A80B-D5201A3F6A1C}.Debug|Any CPU.Build.0 = Debug|Any CPU
		{D4AA38DD-8686-40CC-A80B-D5201A3F6A1C}.Release|Any CPU.ActiveCfg = Release|Any CPU
		{D4AA38DD-8686-40CC-A80B-D5201A3F6A1C}.Release|Any CPU.Build.0 = Release|Any CPU
		{EF06F219-A739-4A1D-9511-6FAC948B67BF}.Debug|Any CPU.ActiveCfg = Debug|Any CPU
		{EF06F219-A739-4A1D-9511-6FAC948B67BF}.Debug|Any CPU.Build.0 = Debug|Any CPU
		{EF06F219-A739-4A1D-9511-6FAC948B67BF}.Release|Any CPU.ActiveCfg = Release|Any CPU
		{EF06F219-A739-4A1D-9511-6FAC948B67BF}.Release|Any CPU.Build.0 = Release|Any CPU
		{8FEC9B12-97F1-48F2-BA93-457BA247EDB6}.Debug|Any CPU.ActiveCfg = Debug|Any CPU
		{8FEC9B12-97F1-48F2-BA93-457BA247EDB6}.Debug|Any CPU.Build.0 = Debug|Any CPU
		{8FEC9B12-97F1-48F2-BA93-457BA247EDB6}.Release|Any CPU.ActiveCfg = Release|Any CPU
		{8FEC9B12-97F1-48F2-BA93-457BA247EDB6}.Release|Any CPU.Build.0 = Release|Any CPU
	EndGlobalSection
	GlobalSection(SolutionProperties) = preSolution
		HideSolutionNode = FALSE
	EndGlobalSection
	GlobalSection(ExtensibilityGlobals) = postSolution
		SolutionGuid = {28F8396B-7F1E-4229-AB13-E6F0E069B37F}
	EndGlobalSection
EndGlobal
